
Microsoft Visual Studio Solution File, Format Version 12.00
# Visual Studio Version 17
VisualStudioVersion = 17.11.35327.3
MinimumVisualStudioVersion = 10.0.40219.1
Project("{FAE04EC0-301F-11D3-BF4B-00C04F79EFBC}") = "AutoAppHoho", "AutoAppHoho\AutoAppHoho.csproj", "{6BB42064-BAB8-4614-8034-6C3E62B2E3FA}"
EndProject
Global
	GlobalSection(SolutionConfigurationPlatforms) = preSolution
		Debug|Any CPU = Debug|Any CPU
		Release|Any CPU = Release|Any CPU
	EndGlobalSection
	GlobalSection(ProjectConfigurationPlatforms) = postSolution
		{6BB42064-BAB8-4614-8034-6C3E62B2E3FA}.Debug|Any CPU.ActiveCfg = Debug|Any CPU
		{6BB42064-BAB8-4614-8034-6C3E62B2E3FA}.Debug|Any CPU.Build.0 = Debug|Any CPU
		{6BB42064-BAB8-4614-8034-6C3E62B2E3FA}.Release|Any CPU.ActiveCfg = Release|Any CPU
		{6BB42064-BAB8-4614-8034-6C3E62B2E3FA}.Release|Any CPU.Build.0 = Release|Any CPU
	EndGlobalSection
	GlobalSection(SolutionProperties) = preSolution
		HideSolutionNode = FALSE
	EndGlobalSection
	GlobalSection(ExtensibilityGlobals) = postSolution
		SolutionGuid = {5678384E-8E32-49CF-925F-782C87B50796}
	EndGlobalSection
EndGlobal
